PODS:
  - SDWebImage (5.10.0):
    - SDWebImage/Core (= 5.10.0)
  - SDWebImage/Core (5.10.0)
  - Storyly (1.9.3):
    - SDWebImage (= 5.10.0)

DEPENDENCIES:
  - Storyly

SPEC REPOS:
  https://github.com/CocoaPods/Specs.git:
    - SDWebImage
    - Storyly

SPEC CHECKSUMS:
  SDWebImage: 9169792e9eec3e45bba2a0c02f74bf8bd922d1ee
  Storyly: 1a96053326a706d6373323604cf4e87b85ee8450

PODFILE CHECKSUM: 21eb3a075483ea800867a2d28fa90523005b7247

COCOAPODS: 1.10.1
